
Microsoft Visual Studio Solution File, Format Version 12.00
# Visual Studio 15
VisualStudioVersion = 15.0.26730.16
MinimumVisualStudioVersion = 10.0.40219.1
Project("{FAE04EC0-301F-11D3-BF4B-00C04F79EFBC}") = "ConsoleApp_TesteNancy", "ConsoleApp_TesteNancy\ConsoleApp_TesteNancy.csproj", "{B96FC84B-F2C6-479F-85BB-429057BA453C}"
EndProject
Global
	GlobalSection(SolutionConfigurationPlatforms) = preSolution
		Debug|Any CPU = Debug|Any CPU
		Release|Any CPU = Release|Any CPU
	EndGlobalSection
	GlobalSection(ProjectConfigurationPlatforms) = postSolution
		{B96FC84B-F2C6-479F-85BB-429057BA453C}.Debug|Any CPU.ActiveCfg = Debug|Any CPU
		{B96FC84B-F2C6-479F-85BB-429057BA453C}.Debug|Any CPU.Build.0 = Debug|Any CPU
		{B96FC84B-F2C6-479F-85BB-429057BA453C}.Release|Any CPU.ActiveCfg = Release|Any CPU
		{B96FC84B-F2C6-479F-85BB-429057BA453C}.Release|Any CPU.Build.0 = Release|Any CPU
	EndGlobalSection
	GlobalSection(SolutionProperties) = preSolution
		HideSolutionNode = FALSE
	EndGlobalSection
	GlobalSection(ExtensibilityGlobals) = postSolution
		SolutionGuid = {83FD782C-C20F-42E3-8D7A-B760AD071021}
	EndGlobalSection
EndGlobal
